uuid: 264fffdd-bd3d-40cf-bafa-4e68c09935c6
langcode: en
status: true
dependencies:
  module:
    - system
    - trainee_user
  theme:
    - trainee_basic
id: usertableblock
theme: trainee_basic
region: hero
weight: 0
provider: null
plugin: trainee_user_user_table_block
settings:
  id: trainee_user_user_table_block
  label: 'User table block'
  label_display: visible
  provider: trainee_user
  page: 1
visibility:
  request_path:
    id: request_path
    negate: false
    pages: '<front>'
